
Microsoft Visual Studio Solution File, Format Version 12.00
# Visual Studio Version 17
VisualStudioVersion = 17.9.34526.213
MinimumVisualStudioVersion = 10.0.40219.1
Project("{FAE04EC0-301F-11D3-BF4B-00C04F79EFBC}") = "HasanBozkusCv", "HasanBozkusCv\HasanBozkusCv.csproj", "{B02B2B43-04E9-4F57-93A7-F50BF810B84E}"
EndProject
Global
	GlobalSection(SolutionConfigurationPlatforms) = preSolution
		Debug|Any CPU = Debug|Any CPU
		Release|Any CPU = Release|Any CPU
	EndGlobalSection
	GlobalSection(ProjectConfigurationPlatforms) = postSolution
		{B02B2B43-04E9-4F57-93A7-F50BF810B84E}.Debug|Any CPU.ActiveCfg = Debug|Any CPU
		{B02B2B43-04E9-4F57-93A7-F50BF810B84E}.Debug|Any CPU.Build.0 = Debug|Any CPU
		{B02B2B43-04E9-4F57-93A7-F50BF810B84E}.Release|Any CPU.ActiveCfg = Release|Any CPU
		{B02B2B43-04E9-4F57-93A7-F50BF810B84E}.Release|Any CPU.Build.0 = Release|Any CPU
	EndGlobalSection
	GlobalSection(SolutionProperties) = preSolution
		HideSolutionNode = FALSE
	EndGlobalSection
	GlobalSection(ExtensibilityGlobals) = postSolution
		SolutionGuid = {58C5AC80-A2AA-42A7-8661-0CB7A5FC8AE4}
	EndGlobalSection
EndGlobal
